
Microsoft Visual Studio Solution File, Format Version 12.00
# Visual Studio Version 17
VisualStudioVersion = 17.11.35327.3
MinimumVisualStudioVersion = 10.0.40219.1
Project("{2150E333-8FDC-42A3-9474-1A3956D46DE8}") = "Элементы решения", "Элементы решения", "{99EE5F1A-2DF8-452A-9C43-DB6FA8A22444}"
	ProjectSection(SolutionItems) = preProject
		TextFile2.txt = TextFile2.txt
	EndProjectSection
EndProject
Project("{2150E333-8FDC-42A3-9474-1A3956D46DE8}") = "script", "script", "{36D591C7-65C7-A0D1-1CBC-10CDE441BDC8}"
	ProjectSection(SolutionItems) = preProject
		app.js = app.js
		db.js = db.js
		js\newFile.js = js\newFile.js
	EndProjectSection
EndProject
Project("{2150E333-8FDC-42A3-9474-1A3956D46DE8}") = "public", "public", "{06A93413-3F4D-47DA-BFF8-33CC20507E6F}"
	ProjectSection(SolutionItems) = preProject
		about.html = about.html
		buy.css = buy.css
		buy.html = buy.html
		HTMLPage1.html = HTMLPage1.html
		HTMLPage2.html = HTMLPage2.html
		katalog.html = katalog.html
		site.css = site.css
	EndProjectSection
EndProject
Global
	GlobalSection(SolutionProperties) = preSolution
		HideSolutionNode = FALSE
	EndGlobalSection
	GlobalSection(NestedProjects) = preSolution
		{36D591C7-65C7-A0D1-1CBC-10CDE441BDC8} = {99EE5F1A-2DF8-452A-9C43-DB6FA8A22444}
		{06A93413-3F4D-47DA-BFF8-33CC20507E6F} = {99EE5F1A-2DF8-452A-9C43-DB6FA8A22444}
	EndGlobalSection
	GlobalSection(ExtensibilityGlobals) = postSolution
		SolutionGuid = {F27A3FAE-5679-4E33-A1C9-352D047F5248}
	EndGlobalSection
EndGlobal
